
Microsoft Visual Studio Solution File, Format Version 12.00
# Visual Studio Version 16
VisualStudioVersion = 16.0.31313.79
MinimumVisualStudioVersion = 10.0.40219.1
Project("{FAE04EC0-301F-11D3-BF4B-00C04F79EFBC}") = "VerificadorWeb", "VerificadorWeb\VerificadorWeb.csproj", "{C4616141-D95A-40F7-9AEB-601C1FA3B1E3}"
EndProject
Global
	GlobalSection(SolutionConfigurationPlatforms) = preSolution
		Debug|Any CPU = Debug|Any CPU
		Release|Any CPU = Release|Any CPU
	EndGlobalSection
	GlobalSection(ProjectConfigurationPlatforms) = postSolution
		{C4616141-D95A-40F7-9AEB-601C1FA3B1E3}.Debug|Any CPU.ActiveCfg = Debug|Any CPU
		{C4616141-D95A-40F7-9AEB-601C1FA3B1E3}.Debug|Any CPU.Build.0 = Debug|Any CPU
		{C4616141-D95A-40F7-9AEB-601C1FA3B1E3}.Release|Any CPU.ActiveCfg = Release|Any CPU
		{C4616141-D95A-40F7-9AEB-601C1FA3B1E3}.Release|Any CPU.Build.0 = Release|Any CPU
	EndGlobalSection
	GlobalSection(SolutionProperties) = preSolution
		HideSolutionNode = FALSE
	EndGlobalSection
	GlobalSection(ExtensibilityGlobals) = postSolution
		SolutionGuid = {64CBC0A0-27CC-4DCC-8A7E-C193CA73DE5C}
	EndGlobalSection
EndGlobal
